// !$*UTF8*$!
{
	archiveVersion = 1;
	classes = {
	};
	objectVersion = 46;
	objects = {

/* Begin PBXBuildFile section */
		CEDB60901C0E95590046DBD1 /* main.m in Sources */ = {isa = PBXBuildFile; fileRef = CEDB608F1C0E95590046DBD1 /* main.m */; };
		CEDB60931C0E95590046DBD1 /* AppDelegate.m in Sources */ = {isa = PBXBuildFile; fileRef = CEDB60921C0E95590046DBD1 /* AppDelegate.m */; };
		CEDB60961C0E95590046DBD1 /* ViewController.m in Sources */ = {isa = PBXBuildFile; fileRef = CEDB60951C0E95590046DBD1 /* ViewController.m */; };
		CEDB60991C0E95590046DBD1 /* Main.storyboard in Resources */ = {isa = PBXBuildFile; fileRef = CEDB60971C0E95590046DBD1 /* Main.storyboard */; };
		CEDB609B1C0E95590046DBD1 /* Assets.xcassets in Resources */ = {isa = PBXBuildFile; fileRef = CEDB609A1C0E95590046DBD1 /* Assets.xcassets */; };
		CEDB609E1C0E95590046DBD1 /* LaunchScreen.storyboard in Resources */ = {isa = PBXBuildFile; fileRef = CEDB609C1C0E95590046DBD1 /* LaunchScreen.storyboard */; };
		CEDB60A71C0E95880046DBD1 /* Dealer.m in Sources */ = {isa = PBXBuildFile; fileRef = CEDB60A61C0E95880046DBD1 /* Dealer.m */; };
/* End PBXBuildFile section */

/* Begin PBXFileReference section */
		CEDB608B1C0E95590046DBD1 /* CardDeck.app */ = {isa = PBXFileReference; explicitFileType = wrapper.application; includeInIndex = 0; path = CardDeck.app; sourceTree = BUILT_PRODUCTS_DIR; };
		CEDB608F1C0E95590046DBD1 /* main.m */ = {isa = PBXFileReference; lastKnownFileType = sourcecode.c.objc; path = main.m; sourceTree = "<group>"; };
		CEDB60911C0E95590046DBD1 /* AppDelegate.h */ = {isa = PBXFileReference; lastKnownFileType = sourcecode.c.h; path = AppDelegate.h; sourceTree = "<group>"; };
		CEDB60921C0E95590046DBD1 /* AppDelegate.m */ = {isa = PBXFileReference; lastKnownFileType = sourcecode.c.objc; path = AppDelegate.m; sourceTree = "<group>"; };
		CEDB60941C0E95590046DBD1 /* ViewController.h */ = {isa = PBXFileReference; lastKnownFileType = sourcecode.c.h; path = ViewController.h; sourceTree = "<group>"; };
		CEDB60951C0E95590046DBD1 /* ViewController.m */ = {isa = PBXFileReference; lastKnownFileType = sourcecode.c.objc; path = ViewController.m; sourceTree = "<group>"; };
		CEDB60981C0E95590046DBD1 /* Base */ = {isa = PBXFileReference; lastKnownFileType = file.storyboard; name = Base; path = Base.lproj/Main.storyboard; sourceTree = "<group>"; };
		CEDB609A1C0E95590046DBD1 /* Assets.xcassets */ = {isa = PBXFileReference; lastKnownFileType = folder.assetcatalog; path = Assets.xcassets; sourceTree = "<group>"; };
		CEDB609D1C0E95590046DBD1 /* Base */ = {isa = PBXFileReference; lastKnownFileType = file.storyboard; name = Base; path = Base.lproj/LaunchScreen.storyboard; sourceTree = "<group>"; };
		CEDB609F1C0E95590046DBD1 /* Info.plist */ = {isa = PBXFileReference; lastKnownFileType = text.plist.xml; path = Info.plist; sourceTree = "<group>"; };
		CEDB60A51C0E95880046DBD1 /* Dealer.h */ = {isa = PBXFileReference; fileEncoding = 4; lastKnownFileType = sourcecode.c.h; path = Dealer.h; sourceTree = "<group>"; };
		CEDB60A61C0E95880046DBD1 /* Dealer.m */ = {isa = PBXFileReference; fileEncoding = 4; lastKnownFileType = sourcecode.c.objc; path = Dealer.m; sourceTree = "<group>"; };
/* End PBXFileReference section */

/* Begin PBXFrameworksBuildPhase section */
		CEDB60881C0E95590046DBD1 /* Frameworks */ = {
			isa = PBXFrameworksBuildPhase;
			buildActionMask = 2147483647;
			files = (
			);
			runOnlyForDeploymentPostprocessing = 0;
		};
/* End PBXFrameworksBuildPhase section */

/* Begin PBXGroup section */
		CEDB60821C0E95590046DBD1 = {
			isa = PBXGroup;
			children = (
				CEDB608D1C0E95590046DBD1 /* CardDeck */,
				CEDB608C1C0E95590046DBD1 /* Products */,
			);
			sourceTree = "<group>";
		};
		CEDB608C1C0E95590046DBD1 /* Products */ = {
			isa = PBXGroup;
			children = (
				CEDB608B1C0E95590046DBD1 /* CardDeck.app */,
			);
			name = Products;
			sourceTree = "<group>";
		};
		CEDB608D1C0E95590046DBD1 /* CardDeck */ = {
			isa = PBXGroup;
			children = (
				CEDB60911C0E95590046DBD1 /* AppDelegate.h */,
				CEDB60921C0E95590046DBD1 /* AppDelegate.m */,
				CEDB60941C0E95590046DBD1 /* ViewController.h */,
				CEDB60951C0E95590046DBD1 /* ViewController.m */,
				CEDB60971C0E95590046DBD1 /* Main.storyboard */,
				CEDB609A1C0E95590046DBD1 /* Assets.xcassets */,
				CEDB609C1C0E95590046DBD1 /* LaunchScreen.storyboard */,
				CEDB609F1C0E95590046DBD1 /* Info.plist */,
				CEDB608E1C0E95590046DBD1 /* Supporting Files */,
				CEDB60A51C0E95880046DBD1 /* Dealer.h */,
				CEDB60A61C0E95880046DBD1 /* Dealer.m */,
			);
			path = CardDeck;
			sourceTree = "<group>";
		};
		CEDB608E1C0E95590046DBD1 /* Supporting Files */ = {
			isa = PBXGroup;
			children = (
				CEDB608F1C0E95590046DBD1 /* main.m */,
			);
			name = "Supporting Files";
			sourceTree = "<group>";
		};
/* End PBXGroup section */

/* Begin PBXNativeTarget section */
		CEDB608A1C0E95590046DBD1 /* CardDeck */ = {
			isa = PBXNativeTarget;
			buildConfigurationList = CEDB60A21C0E95590046DBD1 /* Build configuration list for PBXNativeTarget "CardDeck" */;
			buildPhases = (
				CEDB60871C0E95590046DBD1 /* Sources */,
				CEDB60881C0E95590046DBD1 /* Frameworks */,
				CEDB60891C0E95590046DBD1 /* Resources */,
			);
			buildRules = (
			);
			dependencies = (
			);
			name = CardDeck;
			productName = CardDeck;
			productReference = CEDB608B1C0E95590046DBD1 /* CardDeck.app */;
			productType = "com.apple.product-type.application";
		};
/* End PBXNativeTarget section */

/* Begin PBXProject section */
		CEDB60831C0E95590046DBD1 /* Project object */ = {
			isa = PBXProject;
			attributes = {
				LastUpgradeCheck = 0710;
				ORGANIZATIONNAME = KateKyuwon;
				TargetAttributes = {
					CEDB608A1C0E95590046DBD1 = {
						CreatedOnToolsVersion = 7.1;
					};
				};
			};
			buildConfigurationList = CEDB60861C0E95590046DBD1 /* Build configuration list for PBXProject "CardDeck" */;
			compatibilityVersion = "Xcode 3.2";
			developmentRegion = English;
			hasScannedForEncodings = 0;
			knownRegions = (
				en,
				Base,
			);
			mainGroup = CEDB60821C0E95590046DBD1;
			productRefGroup = CEDB608C1C0E95590046DBD1 /* Products */;
			projectDirPath = "";
			projectRoot = "";
			targets = (
				CEDB608A1C0E95590046DBD1 /* CardDeck */,
			);
		};
/* End PBXProject section */

/* Begin PBXResourcesBuildPhase section */
		CEDB60891C0E95590046DBD1 /* Resources */ = {
			isa = PBXResourcesBuildPhase;
			buildActionMask = 2147483647;
			files = (
				CEDB609E1C0E95590046DBD1 /* LaunchScreen.storyboard in Resources */,
				CEDB609B1C0E95590046DBD1 /* Assets.xcassets in Resources */,
				CEDB60991C0E95590046DBD1 /* Main.storyboard in Resources */,
			);
			runOnlyForDeploymentPostprocessing = 0;
		};
/* End PBXResourcesBuildPhase section */

/* Begin PBXSourcesBuildPhase section */
		CEDB60871C0E95590046DBD1 /* Sources */ = {
			isa = PBXSourcesBuildPhase;
			buildActionMask = 2147483647;
			files = (
				CEDB60A71C0E95880046DBD1 /* Dealer.m in Sources */,
				CEDB60961C0E95590046DBD1 /* ViewController.m in Sources */,
				CEDB60931C0E95590046DBD1 /* AppDelegate.m in Sources */,
				CEDB60901C0E95590046DBD1 /* main.m in Sources */,
			);
			runOnlyForDeploymentPostprocessing = 0;
		};
/* End PBXSourcesBuildPhase section */

/* Begin PBXVariantGroup section */
		CEDB60971C0E95590046DBD1 /* Main.storyboard */ = {
			isa = PBXVariantGroup;
			children = (
				CEDB60981C0E95590046DBD1 /* Base */,
			);
			name = Main.storyboard;
			sourceTree = "<group>";
		};
		CEDB609C1C0E95590046DBD1 /* LaunchScreen.storyboard */ = {
			isa = PBXVariantGroup;
			children = (
				CEDB609D1C0E95590046DBD1 /* Base */,
			);
			name = LaunchScreen.storyboard;
			sourceTree = "<group>";
		};
/* End PBXVariantGroup section */

/* Begin XCBuildConfiguration section */
		CEDB60A01C0E95590046DBD1 /* Debug */ = {
			isa = XCBuildConfiguration;
			buildSettings = {
				ALWAYS_SEARCH_USER_PATHS = NO;
				CLANG_CXX_LANGUAGE_STANDARD = "gnu++0x";
				CLANG_CXX_LIBRARY = "libc++";
				CLANG_ENABLE_MODULES = YES;
				CLANG_ENABLE_OBJC_ARC = YES;
				CLANG_WARN_BOOL_CONVERSION = YES;
				CLANG_WARN_CONSTANT_CONVERSION = YES;
				CLANG_WARN_DIRECT_OBJC_ISA_USAGE = YES_ERROR;
				CLANG_WARN_EMPTY_BODY = YES;
				CLANG_WARN_ENUM_CONVERSION = YES;
				CLANG_WARN_INT_CONVERSION = YES;
				CLANG_WARN_OBJC_ROOT_CLASS = YES_ERROR;
				CLANG_WARN_UNREACHABLE_CODE = YES;
				CLANG_WARN__DUPLICATE_METHOD_MATCH = YES;
				"CODE_SIGN_IDENTITY[sdk=iphoneos*]" = "iPhone Developer";
				COPY_PHASE_STRIP = NO;
				DEBUG_INFORMATION_FORMAT = dwarf;
				ENABLE_STRICT_OBJC_MSGSEND = YES;
				ENABLE_TESTABILITY = YES;
				GCC_C_LANGUAGE_STANDARD = gnu99;
				GCC_DYNAMIC_NO_PIC = NO;
				GCC_NO_COMMON_BLOCKS = YES;
				GCC_OPTIMIZATION_LEVEL = 0;
				GCC_PREPROCESSOR_DEFINITIONS = (
					"DEBUG=1",
					"$(inherited)",
				);
				GCC_WARN_64_TO_32_BIT_CONVERSION = YES;
				GCC_WARN_ABOUT_RETURN_TYPE = YES_ERROR;
				GCC_WARN_UNDECLARED_SELECTOR = YES;
				GCC_WARN_UNINITIALIZED_AUTOS = YES_AGGRESSIVE;
				GCC_WARN_UNUSED_FUNCTION = YES;
				GCC_WARN_UNUSED_VARIABLE = YES;
				IPHONEOS_DEPLOYMENT_TARGET = 9.1;
				MTL_ENABLE_DEBUG_INFO = YES;
				ONLY_ACTIVE_ARCH = YES;
				SDKROOT = iphoneos;
			};
			name = Debug;
		};
		CEDB60A11C0E95590046DBD1 /* Release */ = {
			isa = XCBuildConfiguration;
			buildSettings = {
				ALWAYS_SEARCH_USER_PATHS = NO;
				CLANG_CXX_LANGUAGE_STANDARD = "gnu++0x";
				CLANG_CXX_LIBRARY = "libc++";
				CLANG_ENABLE_MODULES = YES;
				CLANG_ENABLE_OBJC_ARC = YES;
				CLANG_WARN_BOOL_CONVERSION = YES;
				CLANG_WARN_CONSTANT_CONVERSION = YES;
				CLANG_WARN_DIRECT_OBJC_ISA_USAGE = YES_ERROR;
				CLANG_WARN_EMPTY_BODY = YES;
				CLANG_WARN_ENUM_CONVERSION = YES;
				CLANG_WARN_INT_CONVERSION = YES;
				CLANG_WARN_OBJC_ROOT_CLASS = YES_ERROR;
				CLANG_WARN_UNREACHABLE_CODE = YES;
				CLANG_WARN__DUPLICATE_METHOD_MATCH = YES;
				"CODE_SIGN_IDENTITY[sdk=iphoneos*]" = "iPhone Developer";
				COPY_PHASE_STRIP = NO;
				DEBUG_INFORMATION_FORMAT = "dwarf-with-dsym";
				ENABLE_NS_ASSERTIONS = NO;
				ENABLE_STRICT_OBJC_MSGSEND = YES;
				GCC_C_LANGUAGE_STANDARD = gnu99;
				GCC_NO_COMMON_BLOCKS = YES;
				GCC_WARN_64_TO_32_BIT_CONVERSION = YES;
				GCC_WARN_ABOUT_RETURN_TYPE = YES_ERROR;
				GCC_WARN_UNDECLARED_SELECTOR = YES;
				GCC_WARN_UNINITIALIZED_AUTOS = YES_AGGRESSIVE;
				GCC_WARN_UNUSED_FUNCTION = YES;
				GCC_WARN_UNUSED_VARIABLE = YES;
				IPHONEOS_DEPLOYMENT_TARGET = 9.1;
				MTL_ENABLE_DEBUG_INFO = NO;
				SDKROOT = iphoneos;
				VALIDATE_PRODUCT = YES;
			};
			name = Release;
		};
		CEDB60A31C0E95590046DBD1 /* Debug */ = {
			isa = XCBuildConfiguration;
			buildSettings = {
				ASSETCATALOG_COMPILER_APPICON_NAME = AppIcon;
				INFOPLIST_FILE = CardDeck/Info.plist;
				LD_RUNPATH_SEARCH_PATHS = "$(inherited) @executable_path/Frameworks";
				PRODUCT_BUNDLE_IDENTIFIER = "next2-4.CardDeck";
				PRODUCT_NAME = "$(TARGET_NAME)";
			};
			name = Debug;
		};
		CEDB60A41C0E95590046DBD1 /* Release */ = {
			isa = XCBuildConfiguration;
			buildSettings = {
				ASSETCATALOG_COMPILER_APPICON_NAME = AppIcon;
				INFOPLIST_FILE = CardDeck/Info.plist;
				LD_RUNPATH_SEARCH_PATHS = "$(inherited) @executable_path/Frameworks";
				PRODUCT_BUNDLE_IDENTIFIER = "next2-4.CardDeck";
				PRODUCT_NAME = "$(TARGET_NAME)";
			};
			name = Release;
		};
/* End XCBuildConfiguration section */

/* Begin XCConfigurationList section */
		CEDB60861C0E95590046DBD1 /* Build configuration list for PBXProject "CardDeck" */ = {
			isa = XCConfigurationList;
			buildConfigurations = (
				CEDB60A01C0E95590046DBD1 /* Debug */,
				CEDB60A11C0E95590046DBD1 /* Release */,
			);
			defaultConfigurationIsVisible = 0;
			defaultConfigurationName = Release;
		};
		CEDB60A21C0E95590046DBD1 /* Build configuration list for PBXNativeTarget "CardDeck" */ = {
			isa = XCConfigurationList;
			buildConfigurations = (
				CEDB60A31C0E95590046DBD1 /* Debug */,
				CEDB60A41C0E95590046DBD1 /* Release */,
			);
			defaultConfigurationIsVisible = 0;
		};
/* End XCConfigurationList section */
	};
	rootObject = CEDB60831C0E95590046DBD1 /* Project object */;
}
