// !$*UTF8*$!
{
	archiveVersion = 1;
	classes = {
	};
	objectVersion = 46;
	objects = {

/* Begin PBXBuildFile section */
		CE205F861BD901F600C2495D /* main.m in Sources */ = {isa = PBXBuildFile; fileRef = CE205F851BD901F600C2495D /* main.m */; };
		CE205F891BD901F600C2495D /* AppDelegate.m in Sources */ = {isa = PBXBuildFile; fileRef = CE205F881BD901F600C2495D /* AppDelegate.m */; };
		CE205F8C1BD901F600C2495D /* ViewController.m in Sources */ = {isa = PBXBuildFile; fileRef = CE205F8B1BD901F600C2495D /* ViewController.m */; };
		CE205F8F1BD901F600C2495D /* Main.storyboard in Resources */ = {isa = PBXBuildFile; fileRef = CE205F8D1BD901F600C2495D /* Main.storyboard */; };
		CE205F911BD901F600C2495D /* Images.xcassets in Resources */ = {isa = PBXBuildFile; fileRef = CE205F901BD901F600C2495D /* Images.xcassets */; };
		CE205F941BD901F600C2495D /* LaunchScreen.xib in Resources */ = {isa = PBXBuildFile; fileRef = CE205F921BD901F600C2495D /* LaunchScreen.xib */; };
		CE205FA01BD901F600C2495D /* Treehouse_FunFactsTests.m in Sources */ = {isa = PBXBuildFile; fileRef = CE205F9F1BD901F600C2495D /* Treehouse_FunFactsTests.m */; };
		CEA2010E1BE0FA5A00BBB80C /* ColorWheel.m in Sources */ = {isa = PBXBuildFile; fileRef = CEA2010D1BE0FA5A00BBB80C /* ColorWheel.m */; };
		CEEA00EE1BDFCFBA002F20AB /* FactBook.m in Sources */ = {isa = PBXBuildFile; fileRef = CEEA00ED1BDFCFBA002F20AB /* FactBook.m */; };
/* End PBXBuildFile section */

/* Begin PBXContainerItemProxy section */
		CE205F9A1BD901F600C2495D /* PBXContainerItemProxy */ = {
			isa = PBXContainerItemProxy;
			containerPortal = CE205F781BD901F600C2495D /* Project object */;
			proxyType = 1;
			remoteGlobalIDString = CE205F7F1BD901F600C2495D;
			remoteInfo = Treehouse_FunFacts;
		};
/* End PBXContainerItemProxy section */

/* Begin PBXFileReference section */
		CE205F801BD901F600C2495D /* Treehouse_FunFacts.app */ = {isa = PBXFileReference; explicitFileType = wrapper.application; includeInIndex = 0; path = Treehouse_FunFacts.app; sourceTree = BUILT_PRODUCTS_DIR; };
		CE205F841BD901F600C2495D /* Info.plist */ = {isa = PBXFileReference; lastKnownFileType = text.plist.xml; path = Info.plist; sourceTree = "<group>"; };
		CE205F851BD901F600C2495D /* main.m */ = {isa = PBXFileReference; lastKnownFileType = sourcecode.c.objc; path = main.m; sourceTree = "<group>"; };
		CE205F871BD901F600C2495D /* AppDelegate.h */ = {isa = PBXFileReference; lastKnownFileType = sourcecode.c.h; path = AppDelegate.h; sourceTree = "<group>"; };
		CE205F881BD901F600C2495D /* AppDelegate.m */ = {isa = PBXFileReference; lastKnownFileType = sourcecode.c.objc; path = AppDelegate.m; sourceTree = "<group>"; };
		CE205F8A1BD901F600C2495D /* ViewController.h */ = {isa = PBXFileReference; lastKnownFileType = sourcecode.c.h; path = ViewController.h; sourceTree = "<group>"; };
		CE205F8B1BD901F600C2495D /* ViewController.m */ = {isa = PBXFileReference; lastKnownFileType = sourcecode.c.objc; path = ViewController.m; sourceTree = "<group>"; };
		CE205F8E1BD901F600C2495D /* Base */ = {isa = PBXFileReference; lastKnownFileType = file.storyboard; name = Base; path = Base.lproj/Main.storyboard; sourceTree = "<group>"; };
		CE205F901BD901F600C2495D /* Images.xcassets */ = {isa = PBXFileReference; lastKnownFileType = folder.assetcatalog; path = Images.xcassets; sourceTree = "<group>"; };
		CE205F931BD901F600C2495D /* Base */ = {isa = PBXFileReference; lastKnownFileType = file.xib; name = Base; path = Base.lproj/LaunchScreen.xib; sourceTree = "<group>"; };
		CE205F991BD901F600C2495D /* Treehouse_FunFactsTests.xctest */ = {isa = PBXFileReference; explicitFileType = wrapper.cfbundle; includeInIndex = 0; path = Treehouse_FunFactsTests.xctest; sourceTree = BUILT_PRODUCTS_DIR; };
		CE205F9E1BD901F600C2495D /* Info.plist */ = {isa = PBXFileReference; lastKnownFileType = text.plist.xml; path = Info.plist; sourceTree = "<group>"; };
		CE205F9F1BD901F600C2495D /* Treehouse_FunFactsTests.m */ = {isa = PBXFileReference; lastKnownFileType = sourcecode.c.objc; path = Treehouse_FunFactsTests.m; sourceTree = "<group>"; };
		CEA2010C1BE0FA5A00BBB80C /* ColorWheel.h */ = {isa = PBXFileReference; fileEncoding = 4; lastKnownFileType = sourcecode.c.h; path = ColorWheel.h; sourceTree = "<group>"; };
		CEA2010D1BE0FA5A00BBB80C /* ColorWheel.m */ = {isa = PBXFileReference; fileEncoding = 4; lastKnownFileType = sourcecode.c.objc; path = ColorWheel.m; sourceTree = "<group>"; };
		CEEA00EC1BDFCFBA002F20AB /* FactBook.h */ = {isa = PBXFileReference; fileEncoding = 4; lastKnownFileType = sourcecode.c.h; path = FactBook.h; sourceTree = "<group>"; };
		CEEA00ED1BDFCFBA002F20AB /* FactBook.m */ = {isa = PBXFileReference; fileEncoding = 4; lastKnownFileType = sourcecode.c.objc; path = FactBook.m; sourceTree = "<group>"; };
/* End PBXFileReference section */

/* Begin PBXFrameworksBuildPhase section */
		CE205F7D1BD901F600C2495D /* Frameworks */ = {
			isa = PBXFrameworksBuildPhase;
			buildActionMask = 2147483647;
			files = (
			);
			runOnlyForDeploymentPostprocessing = 0;
		};
		CE205F961BD901F600C2495D /* Frameworks */ = {
			isa = PBXFrameworksBuildPhase;
			buildActionMask = 2147483647;
			files = (
			);
			runOnlyForDeploymentPostprocessing = 0;
		};
/* End PBXFrameworksBuildPhase section */

/* Begin PBXGroup section */
		CE205F771BD901F600C2495D = {
			isa = PBXGroup;
			children = (
				CE205F821BD901F600C2495D /* Treehouse_FunFacts */,
				CE205F9C1BD901F600C2495D /* Treehouse_FunFactsTests */,
				CE205F811BD901F600C2495D /* Products */,
			);
			sourceTree = "<group>";
		};
		CE205F811BD901F600C2495D /* Products */ = {
			isa = PBXGroup;
			children = (
				CE205F801BD901F600C2495D /* Treehouse_FunFacts.app */,
				CE205F991BD901F600C2495D /* Treehouse_FunFactsTests.xctest */,
			);
			name = Products;
			sourceTree = "<group>";
		};
		CE205F821BD901F600C2495D /* Treehouse_FunFacts */ = {
			isa = PBXGroup;
			children = (
				CEA2010C1BE0FA5A00BBB80C /* ColorWheel.h */,
				CEA2010D1BE0FA5A00BBB80C /* ColorWheel.m */,
				CE205F871BD901F600C2495D /* AppDelegate.h */,
				CE205F881BD901F600C2495D /* AppDelegate.m */,
				CE205F8A1BD901F600C2495D /* ViewController.h */,
				CE205F8B1BD901F600C2495D /* ViewController.m */,
				CEEA00EC1BDFCFBA002F20AB /* FactBook.h */,
				CEEA00ED1BDFCFBA002F20AB /* FactBook.m */,
				CE205F8D1BD901F600C2495D /* Main.storyboard */,
				CE205F901BD901F600C2495D /* Images.xcassets */,
				CE205F921BD901F600C2495D /* LaunchScreen.xib */,
				CE205F831BD901F600C2495D /* Supporting Files */,
			);
			path = Treehouse_FunFacts;
			sourceTree = "<group>";
		};
		CE205F831BD901F600C2495D /* Supporting Files */ = {
			isa = PBXGroup;
			children = (
				CE205F841BD901F600C2495D /* Info.plist */,
				CE205F851BD901F600C2495D /* main.m */,
			);
			name = "Supporting Files";
			sourceTree = "<group>";
		};
		CE205F9C1BD901F600C2495D /* Treehouse_FunFactsTests */ = {
			isa = PBXGroup;
			children = (
				CE205F9F1BD901F600C2495D /* Treehouse_FunFactsTests.m */,
				CE205F9D1BD901F600C2495D /* Supporting Files */,
			);
			path = Treehouse_FunFactsTests;
			sourceTree = "<group>";
		};
		CE205F9D1BD901F600C2495D /* Supporting Files */ = {
			isa = PBXGroup;
			children = (
				CE205F9E1BD901F600C2495D /* Info.plist */,
			);
			name = "Supporting Files";
			sourceTree = "<group>";
		};
/* End PBXGroup section */

/* Begin PBXNativeTarget section */
		CE205F7F1BD901F600C2495D /* Treehouse_FunFacts */ = {
			isa = PBXNativeTarget;
			buildConfigurationList = CE205FA31BD901F600C2495D /* Build configuration list for PBXNativeTarget "Treehouse_FunFacts" */;
			buildPhases = (
				CE205F7C1BD901F600C2495D /* Sources */,
				CE205F7D1BD901F600C2495D /* Frameworks */,
				CE205F7E1BD901F600C2495D /* Resources */,
			);
			buildRules = (
			);
			dependencies = (
			);
			name = Treehouse_FunFacts;
			productName = Treehouse_FunFacts;
			productReference = CE205F801BD901F600C2495D /* Treehouse_FunFacts.app */;
			productType = "com.apple.product-type.application";
		};
		CE205F981BD901F600C2495D /* Treehouse_FunFactsTests */ = {
			isa = PBXNativeTarget;
			buildConfigurationList = CE205FA61BD901F600C2495D /* Build configuration list for PBXNativeTarget "Treehouse_FunFactsTests" */;
			buildPhases = (
				CE205F951BD901F600C2495D /* Sources */,
				CE205F961BD901F600C2495D /* Frameworks */,
				CE205F971BD901F600C2495D /* Resources */,
			);
			buildRules = (
			);
			dependencies = (
				CE205F9B1BD901F600C2495D /* PBXTargetDependency */,
			);
			name = Treehouse_FunFactsTests;
			productName = Treehouse_FunFactsTests;
			productReference = CE205F991BD901F600C2495D /* Treehouse_FunFactsTests.xctest */;
			productType = "com.apple.product-type.bundle.unit-test";
		};
/* End PBXNativeTarget section */

/* Begin PBXProject section */
		CE205F781BD901F600C2495D /* Project object */ = {
			isa = PBXProject;
			attributes = {
				LastUpgradeCheck = 0710;
				ORGANIZATIONNAME = "Kate KyuWon";
				TargetAttributes = {
					CE205F7F1BD901F600C2495D = {
						CreatedOnToolsVersion = 6.4;
					};
					CE205F981BD901F600C2495D = {
						CreatedOnToolsVersion = 6.4;
						TestTargetID = CE205F7F1BD901F600C2495D;
					};
				};
			};
			buildConfigurationList = CE205F7B1BD901F600C2495D /* Build configuration list for PBXProject "Treehouse_FunFacts" */;
			compatibilityVersion = "Xcode 3.2";
			developmentRegion = English;
			hasScannedForEncodings = 0;
			knownRegions = (
				en,
				Base,
			);
			mainGroup = CE205F771BD901F600C2495D;
			productRefGroup = CE205F811BD901F600C2495D /* Products */;
			projectDirPath = "";
			projectRoot = "";
			targets = (
				CE205F7F1BD901F600C2495D /* Treehouse_FunFacts */,
				CE205F981BD901F600C2495D /* Treehouse_FunFactsTests */,
			);
		};
/* End PBXProject section */

/* Begin PBXResourcesBuildPhase section */
		CE205F7E1BD901F600C2495D /* Resources */ = {
			isa = PBXResourcesBuildPhase;
			buildActionMask = 2147483647;
			files = (
				CE205F8F1BD901F600C2495D /* Main.storyboard in Resources */,
				CE205F941BD901F600C2495D /* LaunchScreen.xib in Resources */,
				CE205F911BD901F600C2495D /* Images.xcassets in Resources */,
			);
			runOnlyForDeploymentPostprocessing = 0;
		};
		CE205F971BD901F600C2495D /* Resources */ = {
			isa = PBXResourcesBuildPhase;
			buildActionMask = 2147483647;
			files = (
			);
			runOnlyForDeploymentPostprocessing = 0;
		};
/* End PBXResourcesBuildPhase section */

/* Begin PBXSourcesBuildPhase section */
		CE205F7C1BD901F600C2495D /* Sources */ = {
			isa = PBXSourcesBuildPhase;
			buildActionMask = 2147483647;
			files = (
				CE205F8C1BD901F600C2495D /* ViewController.m in Sources */,
				CE205F891BD901F600C2495D /* AppDelegate.m in Sources */,
				CEEA00EE1BDFCFBA002F20AB /* FactBook.m in Sources */,
				CE205F861BD901F600C2495D /* main.m in Sources */,
				CEA2010E1BE0FA5A00BBB80C /* ColorWheel.m in Sources */,
			);
			runOnlyForDeploymentPostprocessing = 0;
		};
		CE205F951BD901F600C2495D /* Sources */ = {
			isa = PBXSourcesBuildPhase;
			buildActionMask = 2147483647;
			files = (
				CE205FA01BD901F600C2495D /* Treehouse_FunFactsTests.m in Sources */,
			);
			runOnlyForDeploymentPostprocessing = 0;
		};
/* End PBXSourcesBuildPhase section */

/* Begin PBXTargetDependency section */
		CE205F9B1BD901F600C2495D /* PBXTargetDependency */ = {
			isa = PBXTargetDependency;
			target = CE205F7F1BD901F600C2495D /* Treehouse_FunFacts */;
			targetProxy = CE205F9A1BD901F600C2495D /* PBXContainerItemProxy */;
		};
/* End PBXTargetDependency section */

/* Begin PBXVariantGroup section */
		CE205F8D1BD901F600C2495D /* Main.storyboard */ = {
			isa = PBXVariantGroup;
			children = (
				CE205F8E1BD901F600C2495D /* Base */,
			);
			name = Main.storyboard;
			sourceTree = "<group>";
		};
		CE205F921BD901F600C2495D /* LaunchScreen.xib */ = {
			isa = PBXVariantGroup;
			children = (
				CE205F931BD901F600C2495D /* Base */,
			);
			name = LaunchScreen.xib;
			sourceTree = "<group>";
		};
/* End PBXVariantGroup section */

/* Begin XCBuildConfiguration section */
		CE205FA11BD901F600C2495D /* Debug */ = {
			isa = XCBuildConfiguration;
			buildSettings = {
				ALWAYS_SEARCH_USER_PATHS = NO;
				CLANG_CXX_LANGUAGE_STANDARD = "gnu++0x";
				CLANG_CXX_LIBRARY = "libc++";
				CLANG_ENABLE_MODULES = YES;
				CLANG_ENABLE_OBJC_ARC = YES;
				CLANG_WARN_BOOL_CONVERSION = YES;
				CLANG_WARN_CONSTANT_CONVERSION = YES;
				CLANG_WARN_DIRECT_OBJC_ISA_USAGE = YES_ERROR;
				CLANG_WARN_EMPTY_BODY = YES;
				CLANG_WARN_ENUM_CONVERSION = YES;
				CLANG_WARN_INT_CONVERSION = YES;
				CLANG_WARN_OBJC_ROOT_CLASS = YES_ERROR;
				CLANG_WARN_UNREACHABLE_CODE = YES;
				CLANG_WARN__DUPLICATE_METHOD_MATCH = YES;
				"CODE_SIGN_IDENTITY[sdk=iphoneos*]" = "iPhone Developer";
				COPY_PHASE_STRIP = NO;
				DEBUG_INFORMATION_FORMAT = "dwarf-with-dsym";
				ENABLE_STRICT_OBJC_MSGSEND = YES;
				ENABLE_TESTABILITY = YES;
				GCC_C_LANGUAGE_STANDARD = gnu99;
				GCC_DYNAMIC_NO_PIC = NO;
				GCC_NO_COMMON_BLOCKS = YES;
				GCC_OPTIMIZATION_LEVEL = 0;
				GCC_PREPROCESSOR_DEFINITIONS = (
					"DEBUG=1",
					"$(inherited)",
				);
				GCC_SYMBOLS_PRIVATE_EXTERN = NO;
				GCC_WARN_64_TO_32_BIT_CONVERSION = YES;
				GCC_WARN_ABOUT_RETURN_TYPE = YES_ERROR;
				GCC_WARN_UNDECLARED_SELECTOR = YES;
				GCC_WARN_UNINITIALIZED_AUTOS = YES_AGGRESSIVE;
				GCC_WARN_UNUSED_FUNCTION = YES;
				GCC_WARN_UNUSED_VARIABLE = YES;
				IPHONEOS_DEPLOYMENT_TARGET = 8.4;
				MTL_ENABLE_DEBUG_INFO = YES;
				ONLY_ACTIVE_ARCH = YES;
				SDKROOT = iphoneos;
			};
			name = Debug;
		};
		CE205FA21BD901F600C2495D /* Release */ = {
			isa = XCBuildConfiguration;
			buildSettings = {
				ALWAYS_SEARCH_USER_PATHS = NO;
				CLANG_CXX_LANGUAGE_STANDARD = "gnu++0x";
				CLANG_CXX_LIBRARY = "libc++";
				CLANG_ENABLE_MODULES = YES;
				CLANG_ENABLE_OBJC_ARC = YES;
				CLANG_WARN_BOOL_CONVERSION = YES;
				CLANG_WARN_CONSTANT_CONVERSION = YES;
				CLANG_WARN_DIRECT_OBJC_ISA_USAGE = YES_ERROR;
				CLANG_WARN_EMPTY_BODY = YES;
				CLANG_WARN_ENUM_CONVERSION = YES;
				CLANG_WARN_INT_CONVERSION = YES;
				CLANG_WARN_OBJC_ROOT_CLASS = YES_ERROR;
				CLANG_WARN_UNREACHABLE_CODE = YES;
				CLANG_WARN__DUPLICATE_METHOD_MATCH = YES;
				"CODE_SIGN_IDENTITY[sdk=iphoneos*]" = "iPhone Developer";
				COPY_PHASE_STRIP = NO;
				DEBUG_INFORMATION_FORMAT = "dwarf-with-dsym";
				ENABLE_NS_ASSERTIONS = NO;
				ENABLE_STRICT_OBJC_MSGSEND = YES;
				GCC_C_LANGUAGE_STANDARD = gnu99;
				GCC_NO_COMMON_BLOCKS = YES;
				GCC_WARN_64_TO_32_BIT_CONVERSION = YES;
				GCC_WARN_ABOUT_RETURN_TYPE = YES_ERROR;
				GCC_WARN_UNDECLARED_SELECTOR = YES;
				GCC_WARN_UNINITIALIZED_AUTOS = YES_AGGRESSIVE;
				GCC_WARN_UNUSED_FUNCTION = YES;
				GCC_WARN_UNUSED_VARIABLE = YES;
				IPHONEOS_DEPLOYMENT_TARGET = 8.4;
				MTL_ENABLE_DEBUG_INFO = NO;
				SDKROOT = iphoneos;
				VALIDATE_PRODUCT = YES;
			};
			name = Release;
		};
		CE205FA41BD901F600C2495D /* Debug */ = {
			isa = XCBuildConfiguration;
			buildSettings = {
				ASSETCATALOG_COMPILER_APPICON_NAME = AppIcon;
				INFOPLIST_FILE = Treehouse_FunFacts/Info.plist;
				LD_RUNPATH_SEARCH_PATHS = "$(inherited) @executable_path/Frameworks";
				PRODUCT_BUNDLE_IDENTIFIER = "next2-4.$(PRODUCT_NAME:rfc1034identifier)";
				PRODUCT_NAME = "$(TARGET_NAME)";
			};
			name = Debug;
		};
		CE205FA51BD901F600C2495D /* Release */ = {
			isa = XCBuildConfiguration;
			buildSettings = {
				ASSETCATALOG_COMPILER_APPICON_NAME = AppIcon;
				INFOPLIST_FILE = Treehouse_FunFacts/Info.plist;
				LD_RUNPATH_SEARCH_PATHS = "$(inherited) @executable_path/Frameworks";
				PRODUCT_BUNDLE_IDENTIFIER = "next2-4.$(PRODUCT_NAME:rfc1034identifier)";
				PRODUCT_NAME = "$(TARGET_NAME)";
			};
			name = Release;
		};
		CE205FA71BD901F600C2495D /* Debug */ = {
			isa = XCBuildConfiguration;
			buildSettings = {
				BUNDLE_LOADER = "$(TEST_HOST)";
				FRAMEWORK_SEARCH_PATHS = (
					"$(SDKROOT)/Developer/Library/Frameworks",
					"$(inherited)",
				);
				GCC_PREPROCESSOR_DEFINITIONS = (
					"DEBUG=1",
					"$(inherited)",
				);
				INFOPLIST_FILE = Treehouse_FunFactsTests/Info.plist;
				LD_RUNPATH_SEARCH_PATHS = "$(inherited) @executable_path/Frameworks @loader_path/Frameworks";
				PRODUCT_BUNDLE_IDENTIFIER = "next2-4.$(PRODUCT_NAME:rfc1034identifier)";
				PRODUCT_NAME = "$(TARGET_NAME)";
				TEST_HOST = "$(BUILT_PRODUCTS_DIR)/Treehouse_FunFacts.app/Treehouse_FunFacts";
			};
			name = Debug;
		};
		CE205FA81BD901F600C2495D /* Release */ = {
			isa = XCBuildConfiguration;
			buildSettings = {
				BUNDLE_LOADER = "$(TEST_HOST)";
				FRAMEWORK_SEARCH_PATHS = (
					"$(SDKROOT)/Developer/Library/Frameworks",
					"$(inherited)",
				);
				INFOPLIST_FILE = Treehouse_FunFactsTests/Info.plist;
				LD_RUNPATH_SEARCH_PATHS = "$(inherited) @executable_path/Frameworks @loader_path/Frameworks";
				PRODUCT_BUNDLE_IDENTIFIER = "next2-4.$(PRODUCT_NAME:rfc1034identifier)";
				PRODUCT_NAME = "$(TARGET_NAME)";
				TEST_HOST = "$(BUILT_PRODUCTS_DIR)/Treehouse_FunFacts.app/Treehouse_FunFacts";
			};
			name = Release;
		};
/* End XCBuildConfiguration section */

/* Begin XCConfigurationList section */
		CE205F7B1BD901F600C2495D /* Build configuration list for PBXProject "Treehouse_FunFacts" */ = {
			isa = XCConfigurationList;
			buildConfigurations = (
				CE205FA11BD901F600C2495D /* Debug */,
				CE205FA21BD901F600C2495D /* Release */,
			);
			defaultConfigurationIsVisible = 0;
			defaultConfigurationName = Release;
		};
		CE205FA31BD901F600C2495D /* Build configuration list for PBXNativeTarget "Treehouse_FunFacts" */ = {
			isa = XCConfigurationList;
			buildConfigurations = (
				CE205FA41BD901F600C2495D /* Debug */,
				CE205FA51BD901F600C2495D /* Release */,
			);
			defaultConfigurationIsVisible = 0;
			defaultConfigurationName = Release;
		};
		CE205FA61BD901F600C2495D /* Build configuration list for PBXNativeTarget "Treehouse_FunFactsTests" */ = {
			isa = XCConfigurationList;
			buildConfigurations = (
				CE205FA71BD901F600C2495D /* Debug */,
				CE205FA81BD901F600C2495D /* Release */,
			);
			defaultConfigurationIsVisible = 0;
			defaultConfigurationName = Release;
		};
/* End XCConfigurationList section */
	};
	rootObject = CE205F781BD901F600C2495D /* Project object */;
}
